
Microsoft Visual Studio Solution File, Format Version 12.00
# Visual Studio Version 16
VisualStudioVersion = 16.0.29709.97
MinimumVisualStudioVersion = 10.0.40219.1
Project("{9A19103F-16F7-4668-BE54-9A1E7A4F7556}") = "WebCrawler", "WebCrawler\WebCrawler.csproj", "{FE43AC54-864B-423C-BE1B-38CF80864F1B}"
EndProject
Project("{FAE04EC0-301F-11D3-BF4B-00C04F79EFBC}") = "Util", "Util\Util.csproj", "{73AD972C-E33B-4481-90B1-290C1C3DA607}"
EndProject
Project("{FAE04EC0-301F-11D3-BF4B-00C04F79EFBC}") = "DbAccess", "DbAccess\DbAccess.csproj", "{FF84D0CC-B940-40A8-9E0A-FDAE207D505F}"
EndProject
Project("{FAE04EC0-301F-11D3-BF4B-00C04F79EFBC}") = "Indexer", "Indexer\Indexer.csproj", "{528963CD-8A93-41B6-B5FE-551D495101F7}"
EndProject
Project("{FAE04EC0-301F-11D3-BF4B-00C04F79EFBC}") = "Models", "Models\Models.csproj", "{7C91E3C9-1A42-4D50-BEA2-2314E3F4548C}"
EndProject
Global
	GlobalSection(SolutionConfigurationPlatforms) = preSolution
		Debug|Any CPU = Debug|Any CPU
		Release|Any CPU = Release|Any CPU
	EndGlobalSection
	GlobalSection(ProjectConfigurationPlatforms) = postSolution
		{FE43AC54-864B-423C-BE1B-38CF80864F1B}.Debug|Any CPU.ActiveCfg = Debug|Any CPU
		{FE43AC54-864B-423C-BE1B-38CF80864F1B}.Debug|Any CPU.Build.0 = Debug|Any CPU
		{FE43AC54-864B-423C-BE1B-38CF80864F1B}.Release|Any CPU.ActiveCfg = Release|Any CPU
		{FE43AC54-864B-423C-BE1B-38CF80864F1B}.Release|Any CPU.Build.0 = Release|Any CPU
		{73AD972C-E33B-4481-90B1-290C1C3DA607}.Debug|Any CPU.ActiveCfg = Debug|Any CPU
		{73AD972C-E33B-4481-90B1-290C1C3DA607}.Debug|Any CPU.Build.0 = Debug|Any CPU
		{73AD972C-E33B-4481-90B1-290C1C3DA607}.Release|Any CPU.ActiveCfg = Release|Any CPU
		{73AD972C-E33B-4481-90B1-290C1C3DA607}.Release|Any CPU.Build.0 = Release|Any CPU
		{FF84D0CC-B940-40A8-9E0A-FDAE207D505F}.Debug|Any CPU.ActiveCfg = Debug|Any CPU
		{FF84D0CC-B940-40A8-9E0A-FDAE207D505F}.Debug|Any CPU.Build.0 = Debug|Any CPU
		{FF84D0CC-B940-40A8-9E0A-FDAE207D505F}.Release|Any CPU.ActiveCfg = Release|Any CPU
		{FF84D0CC-B940-40A8-9E0A-FDAE207D505F}.Release|Any CPU.Build.0 = Release|Any CPU
		{528963CD-8A93-41B6-B5FE-551D495101F7}.Debug|Any CPU.ActiveCfg = Debug|Any CPU
		{528963CD-8A93-41B6-B5FE-551D495101F7}.Debug|Any CPU.Build.0 = Debug|Any CPU
		{528963CD-8A93-41B6-B5FE-551D495101F7}.Release|Any CPU.ActiveCfg = Release|Any CPU
		{528963CD-8A93-41B6-B5FE-551D495101F7}.Release|Any CPU.Build.0 = Release|Any CPU
		{7C91E3C9-1A42-4D50-BEA2-2314E3F4548C}.Debug|Any CPU.ActiveCfg = Debug|Any CPU
		{7C91E3C9-1A42-4D50-BEA2-2314E3F4548C}.Debug|Any CPU.Build.0 = Debug|Any CPU
		{7C91E3C9-1A42-4D50-BEA2-2314E3F4548C}.Release|Any CPU.ActiveCfg = Release|Any CPU
		{7C91E3C9-1A42-4D50-BEA2-2314E3F4548C}.Release|Any CPU.Build.0 = Release|Any CPU
	EndGlobalSection
	GlobalSection(SolutionProperties) = preSolution
		HideSolutionNode = FALSE
	EndGlobalSection
	GlobalSection(ExtensibilityGlobals) = postSolution
		SolutionGuid = {9EF8846A-2806-48DC-A295-A2E78785A3CD}
	EndGlobalSection
EndGlobal
